
Microsoft Visual Studio Solution File, Format Version 11.00
# Visual Studio 2010
Project("{FAE04EC0-301F-11D3-BF4B-00C04F79EFBC}") = "Log4net1211Fixer", "Log4net1211Fixer.csproj", "{C0C33D8E-117F-4BFB-9343-4D30BDA453AF}"
EndProject
Global
	GlobalSection(SolutionConfigurationPlatforms) = preSolution
		Debug|Any CPU = Debug|Any CPU
		Release|Any CPU = Release|Any CPU
	EndGlobalSection
	GlobalSection(ProjectConfigurationPlatforms) = postSolution
		{C0C33D8E-117F-4BFB-9343-4D30BDA453AF}.Debug|Any CPU.ActiveCfg = Debug|Any CPU
		{C0C33D8E-117F-4BFB-9343-4D30BDA453AF}.Debug|Any CPU.Build.0 = Debug|Any CPU
		{C0C33D8E-117F-4BFB-9343-4D30BDA453AF}.Release|Any CPU.ActiveCfg = Release|Any CPU
		{C0C33D8E-117F-4BFB-9343-4D30BDA453AF}.Release|Any CPU.Build.0 = Release|Any CPU
	EndGlobalSection
	GlobalSection(SolutionProperties) = preSolution
		HideSolutionNode = FALSE
	EndGlobalSection
EndGlobal
